
Microsoft Visual Studio Solution File, Format Version 12.00
# Visual Studio Version 16
VisualStudioVersion = 16.0.30204.135
MinimumVisualStudioVersion = 10.0.40219.1
Project("{FAE04EC0-301F-11D3-BF4B-00C04F79EFBC}") = "Dentaku", "Dentaku\Dentaku.csproj", "{4DF67D5E-DBC0-4595-B3C0-038727EE9E2E}"
EndProject
Global
	GlobalSection(SolutionConfigurationPlatforms) = preSolution
		Debug|Any CPU = Debug|Any CPU
		Release|Any CPU = Release|Any CPU
	EndGlobalSection
	GlobalSection(ProjectConfigurationPlatforms) = postSolution
		{4DF67D5E-DBC0-4595-B3C0-038727EE9E2E}.Debug|Any CPU.ActiveCfg = Debug|Any CPU
		{4DF67D5E-DBC0-4595-B3C0-038727EE9E2E}.Debug|Any CPU.Build.0 = Debug|Any CPU
		{4DF67D5E-DBC0-4595-B3C0-038727EE9E2E}.Release|Any CPU.ActiveCfg = Release|Any CPU
		{4DF67D5E-DBC0-4595-B3C0-038727EE9E2E}.Release|Any CPU.Build.0 = Release|Any CPU
	EndGlobalSection
	GlobalSection(SolutionProperties) = preSolution
		HideSolutionNode = FALSE
	EndGlobalSection
	GlobalSection(ExtensibilityGlobals) = postSolution
		SolutionGuid = {3D7DBA03-3CA5-46CF-B91C-7FC810E42243}
	EndGlobalSection
EndGlobal
